// !$*UTF8*$!
{
	archiveVersion = 1;
	classes = {
	};
	objectVersion = 50;
	objects = {

/* Begin PBXBuildFile section */
		6D77D1CB22AC077300F868BD /* AppDelegate.swift in Sources */ = {isa = PBXBuildFile; fileRef = 6D77D1CA22AC077300F868BD /* AppDelegate.swift */; };
		6D77D1CD22AC077300F868BD /* SentTableViewController.swift in Sources */ = {isa = PBXBuildFile; fileRef = 6D77D1CC22AC077300F868BD /* SentTableViewController.swift */; };
		6D77D1D022AC077300F868BD /* Main.storyboard in Resources */ = {isa = PBXBuildFile; fileRef = 6D77D1CE22AC077300F868BD /* Main.storyboard */; };
		6D77D1D222AC077400F868BD /* Assets.xcassets in Resources */ = {isa = PBXBuildFile; fileRef = 6D77D1D122AC077400F868BD /* Assets.xcassets */; };
		6D77D1D522AC077400F868BD /* LaunchScreen.storyboard in Resources */ = {isa = PBXBuildFile; fileRef = 6D77D1D322AC077400F868BD /* LaunchScreen.storyboard */; };
		6DB64D0522C0205200AB1957 /* SentCollectionViewController.swift in Sources */ = {isa = PBXBuildFile; fileRef = 6DB64D0422C0205200AB1957 /* SentCollectionViewController.swift */; };
		6DB64D0722C020F500AB1957 /* Meme.swift in Sources */ = {isa = PBXBuildFile; fileRef = 6DB64D0622C020F500AB1957 /* Meme.swift */; };
		6DB64D0B22C027B600AB1957 /* CustomCell.swift in Sources */ = {isa = PBXBuildFile; fileRef = 6DB64D0A22C027B600AB1957 /* CustomCell.swift */; };
		6DB64D0F22C04DDB00AB1957 /* MemeDetailViewController.swift in Sources */ = {isa = PBXBuildFile; fileRef = 6DB64D0E22C04DDB00AB1957 /* MemeDetailViewController.swift */; };
		6DEF33A822AD661200A42E47 /* EditorViewController.swift in Sources */ = {isa = PBXBuildFile; fileRef = 6DEF33A722AD661200A42E47 /* EditorViewController.swift */; };
/* End PBXBuildFile section */

/* Begin PBXFileReference section */
		6D77D1C722AC077300F868BD /* MemeMe2.0.app */ = {isa = PBXFileReference; explicitFileType = wrapper.application; includeInIndex = 0; path = MemeMe2.0.app; sourceTree = BUILT_PRODUCTS_DIR; };
		6D77D1CA22AC077300F868BD /* AppDelegate.swift */ = {isa = PBXFileReference; lastKnownFileType = sourcecode.swift; path = AppDelegate.swift; sourceTree = "<group>"; };
		6D77D1CC22AC077300F868BD /* SentTableViewController.swift */ = {isa = PBXFileReference; lastKnownFileType = sourcecode.swift; path = SentTableViewController.swift; sourceTree = "<group>"; };
		6D77D1CF22AC077300F868BD /* Base */ = {isa = PBXFileReference; lastKnownFileType = file.storyboard; name = Base; path = Base.lproj/Main.storyboard; sourceTree = "<group>"; };
		6D77D1D122AC077400F868BD /* Assets.xcassets */ = {isa = PBXFileReference; lastKnownFileType = folder.assetcatalog; path = Assets.xcassets; sourceTree = "<group>"; };
		6D77D1D422AC077400F868BD /* Base */ = {isa = PBXFileReference; lastKnownFileType = file.storyboard; name = Base; path = Base.lproj/LaunchScreen.storyboard; sourceTree = "<group>"; };
		6D77D1D622AC077400F868BD /* Info.plist */ = {isa = PBXFileReference; lastKnownFileType = text.plist.xml; path = Info.plist; sourceTree = "<group>"; };
		6DB64D0422C0205200AB1957 /* SentCollectionViewController.swift */ = {isa = PBXFileReference; lastKnownFileType = sourcecode.swift; path = SentCollectionViewController.swift; sourceTree = "<group>"; };
		6DB64D0622C020F500AB1957 /* Meme.swift */ = {isa = PBXFileReference; lastKnownFileType = sourcecode.swift; path = Meme.swift; sourceTree = "<group>"; };
		6DB64D0A22C027B600AB1957 /* CustomCell.swift */ = {isa = PBXFileReference; lastKnownFileType = sourcecode.swift; path = CustomCell.swift; sourceTree = "<group>"; };
		6DB64D0E22C04DDB00AB1957 /* MemeDetailViewController.swift */ = {isa = PBXFileReference; lastKnownFileType = sourcecode.swift; path = MemeDetailViewController.swift; sourceTree = "<group>"; };
		6DEF33A722AD661200A42E47 /* EditorViewController.swift */ = {isa = PBXFileReference; lastKnownFileType = sourcecode.swift; path = EditorViewController.swift; sourceTree = "<group>"; };
/* End PBXFileReference section */

/* Begin PBXFrameworksBuildPhase section */
		6D77D1C422AC077300F868BD /* Frameworks */ = {
			isa = PBXFrameworksBuildPhase;
			buildActionMask = 2147483647;
			files = (
			);
			runOnlyForDeploymentPostprocessing = 0;
		};
/* End PBXFrameworksBuildPhase section */

/* Begin PBXGroup section */
		6D77D1BE22AC077300F868BD = {
			isa = PBXGroup;
			children = (
				6D77D1C922AC077300F868BD /* MemeMe2.0 */,
				6D77D1C822AC077300F868BD /* Products */,
			);
			sourceTree = "<group>";
		};
		6D77D1C822AC077300F868BD /* Products */ = {
			isa = PBXGroup;
			children = (
				6D77D1C722AC077300F868BD /* MemeMe2.0.app */,
			);
			name = Products;
			sourceTree = "<group>";
		};
		6D77D1C922AC077300F868BD /* MemeMe2.0 */ = {
			isa = PBXGroup;
			children = (
				6D77D1CA22AC077300F868BD /* AppDelegate.swift */,
				6DB64D0622C020F500AB1957 /* Meme.swift */,
				6D77D1CC22AC077300F868BD /* SentTableViewController.swift */,
				6DB64D0422C0205200AB1957 /* SentCollectionViewController.swift */,
				6DB64D0A22C027B600AB1957 /* CustomCell.swift */,
				6DB64D0E22C04DDB00AB1957 /* MemeDetailViewController.swift */,
				6DEF33A722AD661200A42E47 /* EditorViewController.swift */,
				6D77D1CE22AC077300F868BD /* Main.storyboard */,
				6D77D1D122AC077400F868BD /* Assets.xcassets */,
				6D77D1D322AC077400F868BD /* LaunchScreen.storyboard */,
				6D77D1D622AC077400F868BD /* Info.plist */,
			);
			path = MemeMe2.0;
			sourceTree = "<group>";
		};
/* End PBXGroup section */

/* Begin PBXNativeTarget section */
		6D77D1C622AC077300F868BD /* MemeMe2.0 */ = {
			isa = PBXNativeTarget;
			buildConfigurationList = 6D77D1D922AC077400F868BD /* Build configuration list for PBXNativeTarget "MemeMe2.0" */;
			buildPhases = (
				6D77D1C322AC077300F868BD /* Sources */,
				6D77D1C422AC077300F868BD /* Frameworks */,
				6D77D1C522AC077300F868BD /* Resources */,
			);
			buildRules = (
			);
			dependencies = (
			);
			name = MemeMe2.0;
			productName = MemeMe2.0;
			productReference = 6D77D1C722AC077300F868BD /* MemeMe2.0.app */;
			productType = "com.apple.product-type.application";
		};
/* End PBXNativeTarget section */

/* Begin PBXProject section */
		6D77D1BF22AC077300F868BD /* Project object */ = {
			isa = PBXProject;
			attributes = {
				LastSwiftUpdateCheck = 1020;
				LastUpgradeCheck = 1020;
				ORGANIZATIONNAME = "Brian Leding";
				TargetAttributes = {
					6D77D1C622AC077300F868BD = {
						CreatedOnToolsVersion = 10.2.1;
					};
				};
			};
			buildConfigurationList = 6D77D1C222AC077300F868BD /* Build configuration list for PBXProject "MemeMe2.0" */;
			compatibilityVersion = "Xcode 9.3";
			developmentRegion = en;
			hasScannedForEncodings = 0;
			knownRegions = (
				en,
				Base,
			);
			mainGroup = 6D77D1BE22AC077300F868BD;
			productRefGroup = 6D77D1C822AC077300F868BD /* Products */;
			projectDirPath = "";
			projectRoot = "";
			targets = (
				6D77D1C622AC077300F868BD /* MemeMe2.0 */,
			);
		};
/* End PBXProject section */

/* Begin PBXResourcesBuildPhase section */
		6D77D1C522AC077300F868BD /* Resources */ = {
			isa = PBXResourcesBuildPhase;
			buildActionMask = 2147483647;
			files = (
				6D77D1D522AC077400F868BD /* LaunchScreen.storyboard in Resources */,
				6D77D1D222AC077400F868BD /* Assets.xcassets in Resources */,
				6D77D1D022AC077300F868BD /* Main.storyboard in Resources */,
			);
			runOnlyForDeploymentPostprocessing = 0;
		};
/* End PBXResourcesBuildPhase section */

/* Begin PBXSourcesBuildPhase section */
		6D77D1C322AC077300F868BD /* Sources */ = {
			isa = PBXSourcesBuildPhase;
			buildActionMask = 2147483647;
			files = (
				6D77D1CD22AC077300F868BD /* SentTableViewController.swift in Sources */,
				6DEF33A822AD661200A42E47 /* EditorViewController.swift in Sources */,
				6DB64D0522C0205200AB1957 /* SentCollectionViewController.swift in Sources */,
				6D77D1CB22AC077300F868BD /* AppDelegate.swift in Sources */,
				6DB64D0F22C04DDB00AB1957 /* MemeDetailViewController.swift in Sources */,
				6DB64D0B22C027B600AB1957 /* CustomCell.swift in Sources */,
				6DB64D0722C020F500AB1957 /* Meme.swift in Sources */,
			);
			runOnlyForDeploymentPostprocessing = 0;
		};
/* End PBXSourcesBuildPhase section */

/* Begin PBXVariantGroup section */
		6D77D1CE22AC077300F868BD /* Main.storyboard */ = {
			isa = PBXVariantGroup;
			children = (
				6D77D1CF22AC077300F868BD /* Base */,
			);
			name = Main.storyboard;
			sourceTree = "<group>";
		};
		6D77D1D322AC077400F868BD /* LaunchScreen.storyboard */ = {
			isa = PBXVariantGroup;
			children = (
				6D77D1D422AC077400F868BD /* Base */,
			);
			name = LaunchScreen.storyboard;
			sourceTree = "<group>";
		};
/* End PBXVariantGroup section */

/* Begin XCBuildConfiguration section */
		6D77D1D722AC077400F868BD /* Debug */ = {
			isa = XCBuildConfiguration;
			buildSettings = {
				ALWAYS_SEARCH_USER_PATHS = NO;
				CLANG_ANALYZER_NONNULL = YES;
				CLANG_ANALYZER_NUMBER_OBJECT_CONVERSION = YES_AGGRESSIVE;
				CLANG_CXX_LANGUAGE_STANDARD = "gnu++14";
				CLANG_CXX_LIBRARY = "libc++";
				CLANG_ENABLE_MODULES = YES;
				CLANG_ENABLE_OBJC_ARC = YES;
				CLANG_ENABLE_OBJC_WEAK = YES;
				CLANG_WARN_BLOCK_CAPTURE_AUTORELEASING = YES;
				CLANG_WARN_BOOL_CONVERSION = YES;
				CLANG_WARN_COMMA = YES;
				CLANG_WARN_CONSTANT_CONVERSION = YES;
				CLANG_WARN_DEPRECATED_OBJC_IMPLEMENTATIONS = YES;
				CLANG_WARN_DIRECT_OBJC_ISA_USAGE = YES_ERROR;
				CLANG_WARN_DOCUMENTATION_COMMENTS = YES;
				CLANG_WARN_EMPTY_BODY = YES;
				CLANG_WARN_ENUM_CONVERSION = YES;
				CLANG_WARN_INFINITE_RECURSION = YES;
				CLANG_WARN_INT_CONVERSION = YES;
				CLANG_WARN_NON_LITERAL_NULL_CONVERSION = YES;
				CLANG_WARN_OBJC_IMPLICIT_RETAIN_SELF = YES;
				CLANG_WARN_OBJC_LITERAL_CONVERSION = YES;
				CLANG_WARN_OBJC_ROOT_CLASS = YES_ERROR;
				CLANG_WARN_RANGE_LOOP_ANALYSIS = YES;
				CLANG_WARN_STRICT_PROTOTYPES = YES;
				CLANG_WARN_SUSPICIOUS_MOVE = YES;
				CLANG_WARN_UNGUARDED_AVAILABILITY = YES_AGGRESSIVE;
				CLANG_WARN_UNREACHABLE_CODE = YES;
				CLANG_WARN__DUPLICATE_METHOD_MATCH = YES;
				CODE_SIGN_IDENTITY = "iPhone Developer";
				COPY_PHASE_STRIP = NO;
				DEBUG_INFORMATION_FORMAT = dwarf;
				ENABLE_STRICT_OBJC_MSGSEND = YES;
				ENABLE_TESTABILITY = YES;
				GCC_C_LANGUAGE_STANDARD = gnu11;
				GCC_DYNAMIC_NO_PIC = NO;
				GCC_NO_COMMON_BLOCKS = YES;
				GCC_OPTIMIZATION_LEVEL = 0;
				GCC_PREPROCESSOR_DEFINITIONS = (
					"DEBUG=1",
					"$(inherited)",
				);
				GCC_WARN_64_TO_32_BIT_CONVERSION = YES;
				GCC_WARN_ABOUT_RETURN_TYPE = YES_ERROR;
				GCC_WARN_UNDECLARED_SELECTOR = YES;
				GCC_WARN_UNINITIALIZED_AUTOS = YES_AGGRESSIVE;
				GCC_WARN_UNUSED_FUNCTION = YES;
				GCC_WARN_UNUSED_VARIABLE = YES;
				IPHONEOS_DEPLOYMENT_TARGET = 12.2;
				MTL_ENABLE_DEBUG_INFO = INCLUDE_SOURCE;
				MTL_FAST_MATH = YES;
				ONLY_ACTIVE_ARCH = YES;
				SDKROOT = iphoneos;
				SWIFT_ACTIVE_COMPILATION_CONDITIONS = DEBUG;
				SWIFT_OPTIMIZATION_LEVEL = "-Onone";
			};
			name = Debug;
		};
		6D77D1D822AC077400F868BD /* Release */ = {
			isa = XCBuildConfiguration;
			buildSettings = {
				ALWAYS_SEARCH_USER_PATHS = NO;
				CLANG_ANALYZER_NONNULL = YES;
				CLANG_ANALYZER_NUMBER_OBJECT_CONVERSION = YES_AGGRESSIVE;
				CLANG_CXX_LANGUAGE_STANDARD = "gnu++14";
				CLANG_CXX_LIBRARY = "libc++";
				CLANG_ENABLE_MODULES = YES;
				CLANG_ENABLE_OBJC_ARC = YES;
				CLANG_ENABLE_OBJC_WEAK = YES;
				CLANG_WARN_BLOCK_CAPTURE_AUTORELEASING = YES;
				CLANG_WARN_BOOL_CONVERSION = YES;
				CLANG_WARN_COMMA = YES;
				CLANG_WARN_CONSTANT_CONVERSION = YES;
				CLANG_WARN_DEPRECATED_OBJC_IMPLEMENTATIONS = YES;
				CLANG_WARN_DIRECT_OBJC_ISA_USAGE = YES_ERROR;
				CLANG_WARN_DOCUMENTATION_COMMENTS = YES;
				CLANG_WARN_EMPTY_BODY = YES;
				CLANG_WARN_ENUM_CONVERSION = YES;
				CLANG_WARN_INFINITE_RECURSION = YES;
				CLANG_WARN_INT_CONVERSION = YES;
				CLANG_WARN_NON_LITERAL_NULL_CONVERSION = YES;
				CLANG_WARN_OBJC_IMPLICIT_RETAIN_SELF = YES;
				CLANG_WARN_OBJC_LITERAL_CONVERSION = YES;
				CLANG_WARN_OBJC_ROOT_CLASS = YES_ERROR;
				CLANG_WARN_RANGE_LOOP_ANALYSIS = YES;
				CLANG_WARN_STRICT_PROTOTYPES = YES;
				CLANG_WARN_SUSPICIOUS_MOVE = YES;
				CLANG_WARN_UNGUARDED_AVAILABILITY = YES_AGGRESSIVE;
				CLANG_WARN_UNREACHABLE_CODE = YES;
				CLANG_WARN__DUPLICATE_METHOD_MATCH = YES;
				CODE_SIGN_IDENTITY = "iPhone Developer";
				COPY_PHASE_STRIP = NO;
				DEBUG_INFORMATION_FORMAT = "dwarf-with-dsym";
				ENABLE_NS_ASSERTIONS = NO;
				ENABLE_STRICT_OBJC_MSGSEND = YES;
				GCC_C_LANGUAGE_STANDARD = gnu11;
				GCC_NO_COMMON_BLOCKS = YES;
				GCC_WARN_64_TO_32_BIT_CONVERSION = YES;
				GCC_WARN_ABOUT_RETURN_TYPE = YES_ERROR;
				GCC_WARN_UNDECLARED_SELECTOR = YES;
				GCC_WARN_UNINITIALIZED_AUTOS = YES_AGGRESSIVE;
				GCC_WARN_UNUSED_FUNCTION = YES;
				GCC_WARN_UNUSED_VARIABLE = YES;
				IPHONEOS_DEPLOYMENT_TARGET = 12.2;
				MTL_ENABLE_DEBUG_INFO = NO;
				MTL_FAST_MATH = YES;
				SDKROOT = iphoneos;
				SWIFT_COMPILATION_MODE = wholemodule;
				SWIFT_OPTIMIZATION_LEVEL = "-O";
				VALIDATE_PRODUCT = YES;
			};
			name = Release;
		};
		6D77D1DA22AC077400F868BD /* Debug */ = {
			isa = XCBuildConfiguration;
			buildSettings = {
				ASSETCATALOG_COMPILER_APPICON_NAME = AppIcon;
				CODE_SIGN_STYLE = Automatic;
				INFOPLIST_FILE = MemeMe2.0/Info.plist;
				LD_RUNPATH_SEARCH_PATHS = (
					"$(inherited)",
					"@executable_path/Frameworks",
				);
				PRODUCT_BUNDLE_IDENTIFIER = "BL.MemeMe2-0";
				PRODUCT_NAME = "$(TARGET_NAME)";
				SWIFT_VERSION = 5.0;
				TARGETED_DEVICE_FAMILY = "1,2";
			};
			name = Debug;
		};
		6D77D1DB22AC077400F868BD /* Release */ = {
			isa = XCBuildConfiguration;
			buildSettings = {
				ASSETCATALOG_COMPILER_APPICON_NAME = AppIcon;
				CODE_SIGN_STYLE = Automatic;
				INFOPLIST_FILE = MemeMe2.0/Info.plist;
				LD_RUNPATH_SEARCH_PATHS = (
					"$(inherited)",
					"@executable_path/Frameworks",
				);
				PRODUCT_BUNDLE_IDENTIFIER = "BL.MemeMe2-0";
				PRODUCT_NAME = "$(TARGET_NAME)";
				SWIFT_VERSION = 5.0;
				TARGETED_DEVICE_FAMILY = "1,2";
			};
			name = Release;
		};
/* End XCBuildConfiguration section */

/* Begin XCConfigurationList section */
		6D77D1C222AC077300F868BD /* Build configuration list for PBXProject "MemeMe2.0" */ = {
			isa = XCConfigurationList;
			buildConfigurations = (
				6D77D1D722AC077400F868BD /* Debug */,
				6D77D1D822AC077400F868BD /* Release */,
			);
			defaultConfigurationIsVisible = 0;
			defaultConfigurationName = Release;
		};
		6D77D1D922AC077400F868BD /* Build configuration list for PBXNativeTarget "MemeMe2.0" */ = {
			isa = XCConfigurationList;
			buildConfigurations = (
				6D77D1DA22AC077400F868BD /* Debug */,
				6D77D1DB22AC077400F868BD /* Release */,
			);
			defaultConfigurationIsVisible = 0;
			defaultConfigurationName = Release;
		};
/* End XCConfigurationList section */
	};
	rootObject = 6D77D1BF22AC077300F868BD /* Project object */;
}
